
Microsoft Visual Studio Solution File, Format Version 12.00
# Visual Studio 15
VisualStudioVersion = 15.0.28307.168
MinimumVisualStudioVersion = 10.0.40219.1
Project("{FAE04EC0-301F-11D3-BF4B-00C04F79EFBC}") = "Desafio.Web", "Desafio.Web\Desafio.Web.csproj", "{12799CE5-6586-4A91-9FED-A2DC36B181D4}"
EndProject
Global
	GlobalSection(SolutionConfigurationPlatforms) = preSolution
		Debug|Any CPU = Debug|Any CPU
		Release|Any CPU = Release|Any CPU
	EndGlobalSection
	GlobalSection(ProjectConfigurationPlatforms) = postSolution
		{12799CE5-6586-4A91-9FED-A2DC36B181D4}.Debug|Any CPU.ActiveCfg = Debug|Any CPU
		{12799CE5-6586-4A91-9FED-A2DC36B181D4}.Debug|Any CPU.Build.0 = Debug|Any CPU
		{12799CE5-6586-4A91-9FED-A2DC36B181D4}.Release|Any CPU.ActiveCfg = Release|Any CPU
		{12799CE5-6586-4A91-9FED-A2DC36B181D4}.Release|Any CPU.Build.0 = Release|Any CPU
	EndGlobalSection
	GlobalSection(SolutionProperties) = preSolution
		HideSolutionNode = FALSE
	EndGlobalSection
	GlobalSection(ExtensibilityGlobals) = postSolution
		SolutionGuid = {FC600886-1484-4585-99D0-F4F6C82660E5}
	EndGlobalSection
EndGlobal
