
Microsoft Visual Studio Solution File, Format Version 12.00
# Visual Studio 15
VisualStudioVersion = 15.0.28307.168
MinimumVisualStudioVersion = 10.0.40219.1
Project("{9A19103F-16F7-4668-BE54-9A1E7A4F7556}") = "Desafio.Web", "Desafio.Web\Desafio.Web.csproj", "{12799CE5-6586-4A91-9FED-A2DC36B181D4}"
EndProject
Project("{FAE04EC0-301F-11D3-BF4B-00C04F79EFBC}") = "Desafio.Business", "Desafio.Business\Desafio.Business.csproj", "{E92EC798-FB57-4183-9134-1666C7081757}"
EndProject
Project("{FAE04EC0-301F-11D3-BF4B-00C04F79EFBC}") = "Desafio.Web.Test", "Desafio.Web.Test\Desafio.Web.Test.csproj", "{581E22BC-6925-4768-A79F-35F81D4ED24F}"
EndProject
Global
	GlobalSection(SolutionConfigurationPlatforms) = preSolution
		Debug|Any CPU = Debug|Any CPU
		Release|Any CPU = Release|Any CPU
	EndGlobalSection
	GlobalSection(ProjectConfigurationPlatforms) = postSolution
		{12799CE5-6586-4A91-9FED-A2DC36B181D4}.Debug|Any CPU.ActiveCfg = Debug|Any CPU
		{12799CE5-6586-4A91-9FED-A2DC36B181D4}.Debug|Any CPU.Build.0 = Debug|Any CPU
		{12799CE5-6586-4A91-9FED-A2DC36B181D4}.Release|Any CPU.ActiveCfg = Release|Any CPU
		{12799CE5-6586-4A91-9FED-A2DC36B181D4}.Release|Any CPU.Build.0 = Release|Any CPU
		{E92EC798-FB57-4183-9134-1666C7081757}.Debug|Any CPU.ActiveCfg = Debug|Any CPU
		{E92EC798-FB57-4183-9134-1666C7081757}.Debug|Any CPU.Build.0 = Debug|Any CPU
		{E92EC798-FB57-4183-9134-1666C7081757}.Release|Any CPU.ActiveCfg = Release|Any CPU
		{E92EC798-FB57-4183-9134-1666C7081757}.Release|Any CPU.Build.0 = Release|Any CPU
		{581E22BC-6925-4768-A79F-35F81D4ED24F}.Debug|Any CPU.ActiveCfg = Debug|Any CPU
		{581E22BC-6925-4768-A79F-35F81D4ED24F}.Debug|Any CPU.Build.0 = Debug|Any CPU
		{581E22BC-6925-4768-A79F-35F81D4ED24F}.Release|Any CPU.ActiveCfg = Release|Any CPU
		{581E22BC-6925-4768-A79F-35F81D4ED24F}.Release|Any CPU.Build.0 = Release|Any CPU
	EndGlobalSection
	GlobalSection(SolutionProperties) = preSolution
		HideSolutionNode = FALSE
	EndGlobalSection
	GlobalSection(ExtensibilityGlobals) = postSolution
		SolutionGuid = {FC600886-1484-4585-99D0-F4F6C82660E5}
	EndGlobalSection
EndGlobal
